
Microsoft Visual Studio Solution File, Format Version 12.00
# Visual Studio Version 17
VisualStudioVersion = 17.4.33403.182
MinimumVisualStudioVersion = 10.0.40219.1
Project("{FAE04EC0-301F-11D3-BF4B-00C04F79EFBC}") = "eTickets", "eTickets\eTickets.csproj", "{332FB36A-F414-4240-975E-CB16099B3FA9}"
EndProject
Global
	GlobalSection(SolutionConfigurationPlatforms) = preSolution
		Debug|Any CPU = Debug|Any CPU
		Release|Any CPU = Release|Any CPU
	EndGlobalSection
	GlobalSection(ProjectConfigurationPlatforms) = postSolution
		{332FB36A-F414-4240-975E-CB16099B3FA9}.Debug|Any CPU.ActiveCfg = Debug|Any CPU
		{332FB36A-F414-4240-975E-CB16099B3FA9}.Debug|Any CPU.Build.0 = Debug|Any CPU
		{332FB36A-F414-4240-975E-CB16099B3FA9}.Release|Any CPU.ActiveCfg = Release|Any CPU
		{332FB36A-F414-4240-975E-CB16099B3FA9}.Release|Any CPU.Build.0 = Release|Any CPU
	EndGlobalSection
	GlobalSection(SolutionProperties) = preSolution
		HideSolutionNode = FALSE
	EndGlobalSection
	GlobalSection(ExtensibilityGlobals) = postSolution
		SolutionGuid = {9DC599BC-C740-4385-8C18-BADE699AD7FB}
	EndGlobalSection
EndGlobal
